
Microsoft Visual Studio Solution File, Format Version 12.00
# Visual Studio Version 17
VisualStudioVersion = 17.11.35312.102
MinimumVisualStudioVersion = 10.0.40219.1
Project("{FAE04EC0-301F-11D3-BF4B-00C04F79EFBC}") = "MoveTextForYS1", "MoveTextForYS1.csproj", "{B405693B-E87B-4A6C-950D-D2021B533DED}"
EndProject
Global
	GlobalSection(SolutionConfigurationPlatforms) = preSolution
		Debug|Any CPU = Debug|Any CPU
		Release|Any CPU = Release|Any CPU
	EndGlobalSection
	GlobalSection(ProjectConfigurationPlatforms) = postSolution
		{B405693B-E87B-4A6C-950D-D2021B533DED}.Debug|Any CPU.ActiveCfg = Debug|Any CPU
		{B405693B-E87B-4A6C-950D-D2021B533DED}.Debug|Any CPU.Build.0 = Debug|Any CPU
		{B405693B-E87B-4A6C-950D-D2021B533DED}.Release|Any CPU.ActiveCfg = Release|Any CPU
		{B405693B-E87B-4A6C-950D-D2021B533DED}.Release|Any CPU.Build.0 = Release|Any CPU
	EndGlobalSection
	GlobalSection(SolutionProperties) = preSolution
		HideSolutionNode = FALSE
	EndGlobalSection
	GlobalSection(ExtensibilityGlobals) = postSolution
		SolutionGuid = {FF8B7175-A57B-4340-A624-650B21D1FFF0}
	EndGlobalSection
EndGlobal
